// !$*UTF8*$!
{
	archiveVersion = 1;
	classes = {
	};
	objectVersion = 56;
	objects = {

/* Begin PBXBuildFile section */
		D2EFA8372A61229200C68DFE /* SwiftUITutorialApp.swift in Sources */ = {isa = PBXBuildFile; fileRef = D2EFA8362A61229200C68DFE /* SwiftUITutorialApp.swift */; };
		D2EFA8392A61229200C68DFE /* ContentView.swift in Sources */ = {isa = PBXBuildFile; fileRef = D2EFA8382A61229200C68DFE /* ContentView.swift */; };
		D2EFA83B2A61229300C68DFE /* Assets.xcassets in Resources */ = {isa = PBXBuildFile; fileRef = D2EFA83A2A61229300C68DFE /* Assets.xcassets */; };
		D2EFA83E2A61229300C68DFE /* Preview Assets.xcassets in Resources */ = {isa = PBXBuildFile; fileRef = D2EFA83D2A61229300C68DFE /* Preview Assets.xcassets */; };
		D2EFA8452A64D38900C68DFE /* CircleImageView.swift in Sources */ = {isa = PBXBuildFile; fileRef = D2EFA8442A64D38900C68DFE /* CircleImageView.swift */; };
		D2EFA8472A64D78600C68DFE /* MapView.swift in Sources */ = {isa = PBXBuildFile; fileRef = D2EFA8462A64D78600C68DFE /* MapView.swift */; };
		D2EFA8502A64F77100C68DFE /* Landmark.swift in Sources */ = {isa = PBXBuildFile; fileRef = D2EFA84F2A64F77100C68DFE /* Landmark.swift */; };
		D2EFA8562A64F93000C68DFE /* JSONFileService.swift in Sources */ = {isa = PBXBuildFile; fileRef = D2EFA8552A64F93000C68DFE /* JSONFileService.swift */; };
		D2EFA8582A64FA3A00C68DFE /* JSONConvertService.swift in Sources */ = {isa = PBXBuildFile; fileRef = D2EFA8572A64FA3A00C68DFE /* JSONConvertService.swift */; };
		D2EFA85B2A64FBA000C68DFE /* LandmarkManager.swift in Sources */ = {isa = PBXBuildFile; fileRef = D2EFA85A2A64FBA000C68DFE /* LandmarkManager.swift */; };
		D2EFA85D2A64FCC200C68DFE /* LandmarkRowView.swift in Sources */ = {isa = PBXBuildFile; fileRef = D2EFA85C2A64FCC200C68DFE /* LandmarkRowView.swift */; };
		D2EFA8612A64FDFE00C68DFE /* LandmarkListView.swift in Sources */ = {isa = PBXBuildFile; fileRef = D2EFA8602A64FDFE00C68DFE /* LandmarkListView.swift */; };
		D2EFA8632A64FFA100C68DFE /* LandmarkDetailView.swift in Sources */ = {isa = PBXBuildFile; fileRef = D2EFA8622A64FFA100C68DFE /* LandmarkDetailView.swift */; };
		D2EFA8652A6521D800C68DFE /* FavoriteButtonView.swift in Sources */ = {isa = PBXBuildFile; fileRef = D2EFA8642A6521D800C68DFE /* FavoriteButtonView.swift */; };
		D2EFA8692A652AA800C68DFE /* DependencyInjection.swift in Sources */ = {isa = PBXBuildFile; fileRef = D2EFA8682A652AA800C68DFE /* DependencyInjection.swift */; };
		D2EFA86B2A652E1D00C68DFE /* Segment.swift in Sources */ = {isa = PBXBuildFile; fileRef = D2EFA86A2A652E1D00C68DFE /* Segment.swift */; };
		D2EFA86D2A652EC900C68DFE /* ShapesManager.swift in Sources */ = {isa = PBXBuildFile; fileRef = D2EFA86C2A652EC900C68DFE /* ShapesManager.swift */; };
/* End PBXBuildFile section */

/* Begin PBXFileReference section */
		D2EFA8332A61229200C68DFE /* SwiftUITutorial.app */ = {isa = PBXFileReference; explicitFileType = wrapper.application; includeInIndex = 0; path = SwiftUITutorial.app; sourceTree = BUILT_PRODUCTS_DIR; };
		D2EFA8362A61229200C68DFE /* SwiftUITutorialApp.swift */ = {isa = PBXFileReference; lastKnownFileType = sourcecode.swift; path = SwiftUITutorialApp.swift; sourceTree = "<group>"; };
		D2EFA8382A61229200C68DFE /* ContentView.swift */ = {isa = PBXFileReference; lastKnownFileType = sourcecode.swift; path = ContentView.swift; sourceTree = "<group>"; };
		D2EFA83A2A61229300C68DFE /* Assets.xcassets */ = {isa = PBXFileReference; lastKnownFileType = folder.assetcatalog; path = Assets.xcassets; sourceTree = "<group>"; };
		D2EFA83D2A61229300C68DFE /* Preview Assets.xcassets */ = {isa = PBXFileReference; lastKnownFileType = folder.assetcatalog; path = "Preview Assets.xcassets"; sourceTree = "<group>"; };
		D2EFA8442A64D38900C68DFE /* CircleImageView.swift */ = {isa = PBXFileReference; lastKnownFileType = sourcecode.swift; path = CircleImageView.swift; sourceTree = "<group>"; };
		D2EFA8462A64D78600C68DFE /* MapView.swift */ = {isa = PBXFileReference; lastKnownFileType = sourcecode.swift; path = MapView.swift; sourceTree = "<group>"; };
		D2EFA84E2A64F76600C68DFE /* landmarkData.json */ = {isa = PBXFileReference; lastKnownFileType = text.json; path = landmarkData.json; sourceTree = "<group>"; };
		D2EFA84F2A64F77100C68DFE /* Landmark.swift */ = {isa = PBXFileReference; lastKnownFileType = sourcecode.swift; path = Landmark.swift; sourceTree = "<group>"; };
		D2EFA8552A64F93000C68DFE /* JSONFileService.swift */ = {isa = PBXFileReference; lastKnownFileType = sourcecode.swift; path = JSONFileService.swift; sourceTree = "<group>"; };
		D2EFA8572A64FA3A00C68DFE /* JSONConvertService.swift */ = {isa = PBXFileReference; lastKnownFileType = sourcecode.swift; path = JSONConvertService.swift; sourceTree = "<group>"; };
		D2EFA85A2A64FBA000C68DFE /* LandmarkManager.swift */ = {isa = PBXFileReference; lastKnownFileType = sourcecode.swift; path = LandmarkManager.swift; sourceTree = "<group>"; };
		D2EFA85C2A64FCC200C68DFE /* LandmarkRowView.swift */ = {isa = PBXFileReference; lastKnownFileType = sourcecode.swift; path = LandmarkRowView.swift; sourceTree = "<group>"; };
		D2EFA8602A64FDFE00C68DFE /* LandmarkListView.swift */ = {isa = PBXFileReference; lastKnownFileType = sourcecode.swift; path = LandmarkListView.swift; sourceTree = "<group>"; };
		D2EFA8622A64FFA100C68DFE /* LandmarkDetailView.swift */ = {isa = PBXFileReference; lastKnownFileType = sourcecode.swift; path = LandmarkDetailView.swift; sourceTree = "<group>"; };
		D2EFA8642A6521D800C68DFE /* FavoriteButtonView.swift */ = {isa = PBXFileReference; lastKnownFileType = sourcecode.swift; path = FavoriteButtonView.swift; sourceTree = "<group>"; };
		D2EFA8682A652AA800C68DFE /* DependencyInjection.swift */ = {isa = PBXFileReference; lastKnownFileType = sourcecode.swift; path = DependencyInjection.swift; sourceTree = "<group>"; };
		D2EFA86A2A652E1D00C68DFE /* Segment.swift */ = {isa = PBXFileReference; lastKnownFileType = sourcecode.swift; path = Segment.swift; sourceTree = "<group>"; };
		D2EFA86C2A652EC900C68DFE /* ShapesManager.swift */ = {isa = PBXFileReference; lastKnownFileType = sourcecode.swift; path = ShapesManager.swift; sourceTree = "<group>"; };
/* End PBXFileReference section */

/* Begin PBXFrameworksBuildPhase section */
		D2EFA8302A61229200C68DFE /* Frameworks */ = {
			isa = PBXFrameworksBuildPhase;
			buildActionMask = 2147483647;
			files = (
			);
			runOnlyForDeploymentPostprocessing = 0;
		};
/* End PBXFrameworksBuildPhase section */

/* Begin PBXGroup section */
		D2EFA82A2A61229100C68DFE = {
			isa = PBXGroup;
			children = (
				D2EFA8352A61229200C68DFE /* SwiftUITutorial */,
				D2EFA8342A61229200C68DFE /* Products */,
			);
			sourceTree = "<group>";
		};
		D2EFA8342A61229200C68DFE /* Products */ = {
			isa = PBXGroup;
			children = (
				D2EFA8332A61229200C68DFE /* SwiftUITutorial.app */,
			);
			name = Products;
			sourceTree = "<group>";
		};
		D2EFA8352A61229200C68DFE /* SwiftUITutorial */ = {
			isa = PBXGroup;
			children = (
				D2EFA83A2A61229300C68DFE /* Assets.xcassets */,
				D2EFA8362A61229200C68DFE /* SwiftUITutorialApp.swift */,
				D2EFA84B2A64F73B00C68DFE /* Presentation */,
				D2EFA84A2A64F72700C68DFE /* Domain */,
				D2EFA84C2A64F75200C68DFE /* Data */,
				D2EFA83C2A61229300C68DFE /* Preview Content */,
			);
			path = SwiftUITutorial;
			sourceTree = "<group>";
		};
		D2EFA83C2A61229300C68DFE /* Preview Content */ = {
			isa = PBXGroup;
			children = (
				D2EFA83D2A61229300C68DFE /* Preview Assets.xcassets */,
			);
			path = "Preview Content";
			sourceTree = "<group>";
		};
		D2EFA84A2A64F72700C68DFE /* Domain */ = {
			isa = PBXGroup;
			children = (
				D2EFA8592A64FB9100C68DFE /* Manager */,
				D2EFA8542A64F91C00C68DFE /* Service */,
			);
			path = Domain;
			sourceTree = "<group>";
		};
		D2EFA84B2A64F73B00C68DFE /* Presentation */ = {
			isa = PBXGroup;
			children = (
				D2EFA8662A65224200C68DFE /* Components */,
				D2EFA8672A652A6600C68DFE /* CommonView */,
				D2EFA8512A64F79F00C68DFE /* MainScene */,
				D2EFA85E2A64FDE500C68DFE /* DetailScene */,
			);
			path = Presentation;
			sourceTree = "<group>";
		};
		D2EFA84C2A64F75200C68DFE /* Data */ = {
			isa = PBXGroup;
			children = (
				D2EFA84E2A64F76600C68DFE /* landmarkData.json */,
				D2EFA84D2A64F75F00C68DFE /* DTO */,
			);
			path = Data;
			sourceTree = "<group>";
		};
		D2EFA84D2A64F75F00C68DFE /* DTO */ = {
			isa = PBXGroup;
			children = (
				D2EFA84F2A64F77100C68DFE /* Landmark.swift */,
				D2EFA86A2A652E1D00C68DFE /* Segment.swift */,
			);
			path = DTO;
			sourceTree = "<group>";
		};
		D2EFA8512A64F79F00C68DFE /* MainScene */ = {
			isa = PBXGroup;
			children = (
				D2EFA8522A64F7C000C68DFE /* View */,
			);
			path = MainScene;
			sourceTree = "<group>";
		};
		D2EFA8522A64F7C000C68DFE /* View */ = {
			isa = PBXGroup;
			children = (
				D2EFA8382A61229200C68DFE /* ContentView.swift */,
				D2EFA8602A64FDFE00C68DFE /* LandmarkListView.swift */,
				D2EFA85C2A64FCC200C68DFE /* LandmarkRowView.swift */,
			);
			path = View;
			sourceTree = "<group>";
		};
		D2EFA8542A64F91C00C68DFE /* Service */ = {
			isa = PBXGroup;
			children = (
				D2EFA8552A64F93000C68DFE /* JSONFileService.swift */,
				D2EFA8572A64FA3A00C68DFE /* JSONConvertService.swift */,
			);
			path = Service;
			sourceTree = "<group>";
		};
		D2EFA8592A64FB9100C68DFE /* Manager */ = {
			isa = PBXGroup;
			children = (
				D2EFA85A2A64FBA000C68DFE /* LandmarkManager.swift */,
				D2EFA86C2A652EC900C68DFE /* ShapesManager.swift */,
			);
			path = Manager;
			sourceTree = "<group>";
		};
		D2EFA85E2A64FDE500C68DFE /* DetailScene */ = {
			isa = PBXGroup;
			children = (
				D2EFA85F2A64FDF000C68DFE /* View */,
			);
			path = DetailScene;
			sourceTree = "<group>";
		};
		D2EFA85F2A64FDF000C68DFE /* View */ = {
			isa = PBXGroup;
			children = (
				D2EFA8622A64FFA100C68DFE /* LandmarkDetailView.swift */,
				D2EFA8442A64D38900C68DFE /* CircleImageView.swift */,
				D2EFA8462A64D78600C68DFE /* MapView.swift */,
			);
			path = View;
			sourceTree = "<group>";
		};
		D2EFA8662A65224200C68DFE /* Components */ = {
			isa = PBXGroup;
			children = (
				D2EFA8682A652AA800C68DFE /* DependencyInjection.swift */,
			);
			path = Components;
			sourceTree = "<group>";
		};
		D2EFA8672A652A6600C68DFE /* CommonView */ = {
			isa = PBXGroup;
			children = (
				D2EFA8642A6521D800C68DFE /* FavoriteButtonView.swift */,
			);
			path = CommonView;
			sourceTree = "<group>";
		};
/* End PBXGroup section */

/* Begin PBXNativeTarget section */
		D2EFA8322A61229200C68DFE /* SwiftUITutorial */ = {
			isa = PBXNativeTarget;
			buildConfigurationList = D2EFA8412A61229300C68DFE /* Build configuration list for PBXNativeTarget "SwiftUITutorial" */;
			buildPhases = (
				D2EFA82F2A61229200C68DFE /* Sources */,
				D2EFA8302A61229200C68DFE /* Frameworks */,
				D2EFA8312A61229200C68DFE /* Resources */,
			);
			buildRules = (
			);
			dependencies = (
			);
			name = SwiftUITutorial;
			productName = SwiftUITutorial;
			productReference = D2EFA8332A61229200C68DFE /* SwiftUITutorial.app */;
			productType = "com.apple.product-type.application";
		};
/* End PBXNativeTarget section */

/* Begin PBXProject section */
		D2EFA82B2A61229100C68DFE /* Project object */ = {
			isa = PBXProject;
			attributes = {
				BuildIndependentTargetsInParallel = 1;
				LastSwiftUpdateCheck = 1430;
				LastUpgradeCheck = 1430;
				TargetAttributes = {
					D2EFA8322A61229200C68DFE = {
						CreatedOnToolsVersion = 14.3;
					};
				};
			};
			buildConfigurationList = D2EFA82E2A61229100C68DFE /* Build configuration list for PBXProject "SwiftUITutorial" */;
			compatibilityVersion = "Xcode 14.0";
			developmentRegion = en;
			hasScannedForEncodings = 0;
			knownRegions = (
				en,
				Base,
			);
			mainGroup = D2EFA82A2A61229100C68DFE;
			productRefGroup = D2EFA8342A61229200C68DFE /* Products */;
			projectDirPath = "";
			projectRoot = "";
			targets = (
				D2EFA8322A61229200C68DFE /* SwiftUITutorial */,
			);
		};
/* End PBXProject section */

/* Begin PBXResourcesBuildPhase section */
		D2EFA8312A61229200C68DFE /* Resources */ = {
			isa = PBXResourcesBuildPhase;
			buildActionMask = 2147483647;
			files = (
				D2EFA83E2A61229300C68DFE /* Preview Assets.xcassets in Resources */,
				D2EFA83B2A61229300C68DFE /* Assets.xcassets in Resources */,
			);
			runOnlyForDeploymentPostprocessing = 0;
		};
/* End PBXResourcesBuildPhase section */

/* Begin PBXSourcesBuildPhase section */
		D2EFA82F2A61229200C68DFE /* Sources */ = {
			isa = PBXSourcesBuildPhase;
			buildActionMask = 2147483647;
			files = (
				D2EFA86B2A652E1D00C68DFE /* Segment.swift in Sources */,
				D2EFA8502A64F77100C68DFE /* Landmark.swift in Sources */,
				D2EFA86D2A652EC900C68DFE /* ShapesManager.swift in Sources */,
				D2EFA8632A64FFA100C68DFE /* LandmarkDetailView.swift in Sources */,
				D2EFA8692A652AA800C68DFE /* DependencyInjection.swift in Sources */,
				D2EFA8392A61229200C68DFE /* ContentView.swift in Sources */,
				D2EFA8612A64FDFE00C68DFE /* LandmarkListView.swift in Sources */,
				D2EFA8582A64FA3A00C68DFE /* JSONConvertService.swift in Sources */,
				D2EFA8472A64D78600C68DFE /* MapView.swift in Sources */,
				D2EFA8372A61229200C68DFE /* SwiftUITutorialApp.swift in Sources */,
				D2EFA85B2A64FBA000C68DFE /* LandmarkManager.swift in Sources */,
				D2EFA8452A64D38900C68DFE /* CircleImageView.swift in Sources */,
				D2EFA8562A64F93000C68DFE /* JSONFileService.swift in Sources */,
				D2EFA8652A6521D800C68DFE /* FavoriteButtonView.swift in Sources */,
				D2EFA85D2A64FCC200C68DFE /* LandmarkRowView.swift in Sources */,
			);
			runOnlyForDeploymentPostprocessing = 0;
		};
/* End PBXSourcesBuildPhase section */

/* Begin XCBuildConfiguration section */
		D2EFA83F2A61229300C68DFE /* Debug */ = {
			isa = XCBuildConfiguration;
			buildSettings = {
				ALWAYS_SEARCH_USER_PATHS = NO;
				CLANG_ANALYZER_NONNULL = YES;
				CLANG_ANALYZER_NUMBER_OBJECT_CONVERSION = YES_AGGRESSIVE;
				CLANG_CXX_LANGUAGE_STANDARD = "gnu++20";
				CLANG_ENABLE_MODULES = YES;
				CLANG_ENABLE_OBJC_ARC = YES;
				CLANG_ENABLE_OBJC_WEAK = YES;
				CLANG_WARN_BLOCK_CAPTURE_AUTORELEASING = YES;
				CLANG_WARN_BOOL_CONVERSION = YES;
				CLANG_WARN_COMMA = YES;
				CLANG_WARN_CONSTANT_CONVERSION = YES;
				CLANG_WARN_DEPRECATED_OBJC_IMPLEMENTATIONS = YES;
				CLANG_WARN_DIRECT_OBJC_ISA_USAGE = YES_ERROR;
				CLANG_WARN_DOCUMENTATION_COMMENTS = YES;
				CLANG_WARN_EMPTY_BODY = YES;
				CLANG_WARN_ENUM_CONVERSION = YES;
				CLANG_WARN_INFINITE_RECURSION = YES;
				CLANG_WARN_INT_CONVERSION = YES;
				CLANG_WARN_NON_LITERAL_NULL_CONVERSION = YES;
				CLANG_WARN_OBJC_IMPLICIT_RETAIN_SELF = YES;
				CLANG_WARN_OBJC_LITERAL_CONVERSION = YES;
				CLANG_WARN_OBJC_ROOT_CLASS = YES_ERROR;
				CLANG_WARN_QUOTED_INCLUDE_IN_FRAMEWORK_HEADER = YES;
				CLANG_WARN_RANGE_LOOP_ANALYSIS = YES;
				CLANG_WARN_STRICT_PROTOTYPES = YES;
				CLANG_WARN_SUSPICIOUS_MOVE = YES;
				CLANG_WARN_UNGUARDED_AVAILABILITY = YES_AGGRESSIVE;
				CLANG_WARN_UNREACHABLE_CODE = YES;
				CLANG_WARN__DUPLICATE_METHOD_MATCH = YES;
				COPY_PHASE_STRIP = NO;
				DEBUG_INFORMATION_FORMAT = dwarf;
				ENABLE_STRICT_OBJC_MSGSEND = YES;
				ENABLE_TESTABILITY = YES;
				GCC_C_LANGUAGE_STANDARD = gnu11;
				GCC_DYNAMIC_NO_PIC = NO;
				GCC_NO_COMMON_BLOCKS = YES;
				GCC_OPTIMIZATION_LEVEL = 0;
				GCC_PREPROCESSOR_DEFINITIONS = (
					"DEBUG=1",
					"$(inherited)",
				);
				GCC_WARN_64_TO_32_BIT_CONVERSION = YES;
				GCC_WARN_ABOUT_RETURN_TYPE = YES_ERROR;
				GCC_WARN_UNDECLARED_SELECTOR = YES;
				GCC_WARN_UNINITIALIZED_AUTOS = YES_AGGRESSIVE;
				GCC_WARN_UNUSED_FUNCTION = YES;
				GCC_WARN_UNUSED_VARIABLE = YES;
				IPHONEOS_DEPLOYMENT_TARGET = 16.4;
				MTL_ENABLE_DEBUG_INFO = INCLUDE_SOURCE;
				MTL_FAST_MATH = YES;
				ONLY_ACTIVE_ARCH = YES;
				SDKROOT = iphoneos;
				SWIFT_ACTIVE_COMPILATION_CONDITIONS = DEBUG;
				SWIFT_OPTIMIZATION_LEVEL = "-Onone";
			};
			name = Debug;
		};
		D2EFA8402A61229300C68DFE /* Release */ = {
			isa = XCBuildConfiguration;
			buildSettings = {
				ALWAYS_SEARCH_USER_PATHS = NO;
				CLANG_ANALYZER_NONNULL = YES;
				CLANG_ANALYZER_NUMBER_OBJECT_CONVERSION = YES_AGGRESSIVE;
				CLANG_CXX_LANGUAGE_STANDARD = "gnu++20";
				CLANG_ENABLE_MODULES = YES;
				CLANG_ENABLE_OBJC_ARC = YES;
				CLANG_ENABLE_OBJC_WEAK = YES;
				CLANG_WARN_BLOCK_CAPTURE_AUTORELEASING = YES;
				CLANG_WARN_BOOL_CONVERSION = YES;
				CLANG_WARN_COMMA = YES;
				CLANG_WARN_CONSTANT_CONVERSION = YES;
				CLANG_WARN_DEPRECATED_OBJC_IMPLEMENTATIONS = YES;
				CLANG_WARN_DIRECT_OBJC_ISA_USAGE = YES_ERROR;
				CLANG_WARN_DOCUMENTATION_COMMENTS = YES;
				CLANG_WARN_EMPTY_BODY = YES;
				CLANG_WARN_ENUM_CONVERSION = YES;
				CLANG_WARN_INFINITE_RECURSION = YES;
				CLANG_WARN_INT_CONVERSION = YES;
				CLANG_WARN_NON_LITERAL_NULL_CONVERSION = YES;
				CLANG_WARN_OBJC_IMPLICIT_RETAIN_SELF = YES;
				CLANG_WARN_OBJC_LITERAL_CONVERSION = YES;
				CLANG_WARN_OBJC_ROOT_CLASS = YES_ERROR;
				CLANG_WARN_QUOTED_INCLUDE_IN_FRAMEWORK_HEADER = YES;
				CLANG_WARN_RANGE_LOOP_ANALYSIS = YES;
				CLANG_WARN_STRICT_PROTOTYPES = YES;
				CLANG_WARN_SUSPICIOUS_MOVE = YES;
				CLANG_WARN_UNGUARDED_AVAILABILITY = YES_AGGRESSIVE;
				CLANG_WARN_UNREACHABLE_CODE = YES;
				CLANG_WARN__DUPLICATE_METHOD_MATCH = YES;
				COPY_PHASE_STRIP = NO;
				DEBUG_INFORMATION_FORMAT = "dwarf-with-dsym";
				ENABLE_NS_ASSERTIONS = NO;
				ENABLE_STRICT_OBJC_MSGSEND = YES;
				GCC_C_LANGUAGE_STANDARD = gnu11;
				GCC_NO_COMMON_BLOCKS = YES;
				GCC_WARN_64_TO_32_BIT_CONVERSION = YES;
				GCC_WARN_ABOUT_RETURN_TYPE = YES_ERROR;
				GCC_WARN_UNDECLARED_SELECTOR = YES;
				GCC_WARN_UNINITIALIZED_AUTOS = YES_AGGRESSIVE;
				GCC_WARN_UNUSED_FUNCTION = YES;
				GCC_WARN_UNUSED_VARIABLE = YES;
				IPHONEOS_DEPLOYMENT_TARGET = 16.4;
				MTL_ENABLE_DEBUG_INFO = NO;
				MTL_FAST_MATH = YES;
				SDKROOT = iphoneos;
				SWIFT_COMPILATION_MODE = wholemodule;
				SWIFT_OPTIMIZATION_LEVEL = "-O";
				VALIDATE_PRODUCT = YES;
			};
			name = Release;
		};
		D2EFA8422A61229300C68DFE /* Debug */ = {
			isa = XCBuildConfiguration;
			buildSettings = {
				ASSETCATALOG_COMPILER_APPICON_NAME = AppIcon;
				ASSETCATALOG_COMPILER_GLOBAL_ACCENT_COLOR_NAME = AccentColor;
				CODE_SIGN_STYLE = Automatic;
				CURRENT_PROJECT_VERSION = 1;
				DEVELOPMENT_ASSET_PATHS = "\"SwiftUITutorial/Preview Content\"";
				DEVELOPMENT_TEAM = 6HA2CYDMF3;
				ENABLE_PREVIEWS = YES;
				GENERATE_INFOPLIST_FILE = YES;
				INFOPLIST_KEY_UIApplicationSceneManifest_Generation = YES;
				INFOPLIST_KEY_UIApplicationSupportsIndirectInputEvents = YES;
				INFOPLIST_KEY_UILaunchScreen_Generation = YES;
				INFOPLIST_KEY_UISupportedInterfaceOrientations_iPad = "UIInterfaceOrientationPortrait UIInterfaceOrientationPortraitUpsideDown UIInterfaceOrientationLandscapeLeft UIInterfaceOrientationLandscapeRight";
				INFOPLIST_KEY_UISupportedInterfaceOrientations_iPhone = "UIInterfaceOrientationPortrait UIInterfaceOrientationLandscapeLeft UIInterfaceOrientationLandscapeRight";
				LD_RUNPATH_SEARCH_PATHS = (
					"$(inherited)",
					"@executable_path/Frameworks",
				);
				MARKETING_VERSION = 1.0;
				PRODUCT_BUNDLE_IDENTIFIER = com.juntaek.SwiftUITutorial;
				PRODUCT_NAME = "$(TARGET_NAME)";
				SWIFT_EMIT_LOC_STRINGS = YES;
				SWIFT_VERSION = 5.0;
				TARGETED_DEVICE_FAMILY = "1,2";
			};
			name = Debug;
		};
		D2EFA8432A61229300C68DFE /* Release */ = {
			isa = XCBuildConfiguration;
			buildSettings = {
				ASSETCATALOG_COMPILER_APPICON_NAME = AppIcon;
				ASSETCATALOG_COMPILER_GLOBAL_ACCENT_COLOR_NAME = AccentColor;
				CODE_SIGN_STYLE = Automatic;
				CURRENT_PROJECT_VERSION = 1;
				DEVELOPMENT_ASSET_PATHS = "\"SwiftUITutorial/Preview Content\"";
				DEVELOPMENT_TEAM = 6HA2CYDMF3;
				ENABLE_PREVIEWS = YES;
				GENERATE_INFOPLIST_FILE = YES;
				INFOPLIST_KEY_UIApplicationSceneManifest_Generation = YES;
				INFOPLIST_KEY_UIApplicationSupportsIndirectInputEvents = YES;
				INFOPLIST_KEY_UILaunchScreen_Generation = YES;
				INFOPLIST_KEY_UISupportedInterfaceOrientations_iPad = "UIInterfaceOrientationPortrait UIInterfaceOrientationPortraitUpsideDown UIInterfaceOrientationLandscapeLeft UIInterfaceOrientationLandscapeRight";
				INFOPLIST_KEY_UISupportedInterfaceOrientations_iPhone = "UIInterfaceOrientationPortrait UIInterfaceOrientationLandscapeLeft UIInterfaceOrientationLandscapeRight";
				LD_RUNPATH_SEARCH_PATHS = (
					"$(inherited)",
					"@executable_path/Frameworks",
				);
				MARKETING_VERSION = 1.0;
				PRODUCT_BUNDLE_IDENTIFIER = com.juntaek.SwiftUITutorial;
				PRODUCT_NAME = "$(TARGET_NAME)";
				SWIFT_EMIT_LOC_STRINGS = YES;
				SWIFT_VERSION = 5.0;
				TARGETED_DEVICE_FAMILY = "1,2";
			};
			name = Release;
		};
/* End XCBuildConfiguration section */

/* Begin XCConfigurationList section */
		D2EFA82E2A61229100C68DFE /* Build configuration list for PBXProject "SwiftUITutorial" */ = {
			isa = XCConfigurationList;
			buildConfigurations = (
				D2EFA83F2A61229300C68DFE /* Debug */,
				D2EFA8402A61229300C68DFE /* Release */,
			);
			defaultConfigurationIsVisible = 0;
			defaultConfigurationName = Release;
		};
		D2EFA8412A61229300C68DFE /* Build configuration list for PBXNativeTarget "SwiftUITutorial" */ = {
			isa = XCConfigurationList;
			buildConfigurations = (
				D2EFA8422A61229300C68DFE /* Debug */,
				D2EFA8432A61229300C68DFE /* Release */,
			);
			defaultConfigurationIsVisible = 0;
			defaultConfigurationName = Release;
		};
/* End XCConfigurationList section */
	};
	rootObject = D2EFA82B2A61229100C68DFE /* Project object */;
}
